
Microsoft Visual Studio Solution File, Format Version 12.00
# Visual Studio Version 17
VisualStudioVersion = 17.14.37027.9 d17.14
MinimumVisualStudioVersion = 10.0.40219.1
Project("{FAE04EC0-301F-11D3-BF4B-00C04F79EFBC}") = "stud", "stud.csproj", "{B673AA47-326F-4EB3-91AD-FE854A69DEC0}"
EndProject
Global
	GlobalSection(SolutionConfigurationPlatforms) = preSolution
		Debug|Any CPU = Debug|Any CPU
		Release|Any CPU = Release|Any CPU
	EndGlobalSection
	GlobalSection(ProjectConfigurationPlatforms) = postSolution
		{B673AA47-326F-4EB3-91AD-FE854A69DEC0}.Debug|Any CPU.ActiveCfg = Debug|Any CPU
		{B673AA47-326F-4EB3-91AD-FE854A69DEC0}.Debug|Any CPU.Build.0 = Debug|Any CPU
		{B673AA47-326F-4EB3-91AD-FE854A69DEC0}.Release|Any CPU.ActiveCfg = Release|Any CPU
		{B673AA47-326F-4EB3-91AD-FE854A69DEC0}.Release|Any CPU.Build.0 = Release|Any CPU
	EndGlobalSection
	GlobalSection(SolutionProperties) = preSolution
		HideSolutionNode = FALSE
	EndGlobalSection
	GlobalSection(ExtensibilityGlobals) = postSolution
		SolutionGuid = {337F09FA-657F-4762-8899-6B59C9B151CB}
	EndGlobalSection
EndGlobal
